
Microsoft Visual Studio Solution File, Format Version 12.00
# Visual Studio Version 17
VisualStudioVersion = 17.5.002.0
MinimumVisualStudioVersion = 10.0.40219.1
Project("{9A19103F-16F7-4668-BE54-9A1E7A4F7556}") = "Exemplo-Explorando", "Exemplo-Explorando.csproj", "{9F2E2D52-ACEC-40AB-8181-0A603BCBD229}"
EndProject
Global
	GlobalSection(SolutionConfigurationPlatforms) = preSolution
		Debug|Any CPU = Debug|Any CPU
		Release|Any CPU = Release|Any CPU
	EndGlobalSection
	GlobalSection(ProjectConfigurationPlatforms) = postSolution
		{9F2E2D52-ACEC-40AB-8181-0A603BCBD229}.Debug|Any CPU.ActiveCfg = Debug|Any CPU
		{9F2E2D52-ACEC-40AB-8181-0A603BCBD229}.Debug|Any CPU.Build.0 = Debug|Any CPU
		{9F2E2D52-ACEC-40AB-8181-0A603BCBD229}.Release|Any CPU.ActiveCfg = Release|Any CPU
		{9F2E2D52-ACEC-40AB-8181-0A603BCBD229}.Release|Any CPU.Build.0 = Release|Any CPU
	EndGlobalSection
	GlobalSection(SolutionProperties) = preSolution
		HideSolutionNode = FALSE
	EndGlobalSection
	GlobalSection(ExtensibilityGlobals) = postSolution
		SolutionGuid = {0A944B28-EA99-4F7E-B01B-7B86705BB8D5}
	EndGlobalSection
EndGlobal
